
Microsoft Visual Studio Solution File, Format Version 12.00
# Visual Studio Version 16
VisualStudioVersion = 16.0.30804.86
MinimumVisualStudioVersion = 10.0.40219.1
Project("{FAE04EC0-301F-11D3-BF4B-00C04F79EFBC}") = "InzService", "InzService.csproj", "{9DE3962A-FFE6-47E2-BC06-9A1F9438B98A}"
EndProject
Global
	GlobalSection(SolutionConfigurationPlatforms) = preSolution
		Debug|Any CPU = Debug|Any CPU
		Release|Any CPU = Release|Any CPU
	EndGlobalSection
	GlobalSection(ProjectConfigurationPlatforms) = postSolution
		{9DE3962A-FFE6-47E2-BC06-9A1F9438B98A}.Debug|Any CPU.ActiveCfg = Debug|Any CPU
		{9DE3962A-FFE6-47E2-BC06-9A1F9438B98A}.Debug|Any CPU.Build.0 = Debug|Any CPU
		{9DE3962A-FFE6-47E2-BC06-9A1F9438B98A}.Release|Any CPU.ActiveCfg = Release|Any CPU
		{9DE3962A-FFE6-47E2-BC06-9A1F9438B98A}.Release|Any CPU.Build.0 = Release|Any CPU
	EndGlobalSection
	GlobalSection(SolutionProperties) = preSolution
		HideSolutionNode = FALSE
	EndGlobalSection
	GlobalSection(ExtensibilityGlobals) = postSolution
		SolutionGuid = {104DB60D-C25B-4B5E-9AA2-AEC4F7D89DA0}
	EndGlobalSection
EndGlobal
